// !$*UTF8*$!
{
	archiveVersion = 1;
	classes = {
	};
	objectVersion = 50;
	objects = {

/* Begin PBXBuildFile section */
		C62284AE223F90B500EFDDC9 /* ImageHelper.swift in Sources */ = {isa = PBXBuildFile; fileRef = C62284AD223F90B500EFDDC9 /* ImageHelper.swift */; };
		C62284B0223F936700EFDDC9 /* ViewControllerHelper.swift in Sources */ = {isa = PBXBuildFile; fileRef = C62284AF223F936700EFDDC9 /* ViewControllerHelper.swift */; };
		C62284B3223F941600EFDDC9 /* FaalStruct.swift in Sources */ = {isa = PBXBuildFile; fileRef = C62284B2223F941600EFDDC9 /* FaalStruct.swift */; };
		C62D43BE223D3DC800F8E2BA /* faal.json in Resources */ = {isa = PBXBuildFile; fileRef = C62D43BD223D3DC800F8E2BA /* faal.json */; };
		C62D43C3223D447D00F8E2BA /* FaalModel.swift in Sources */ = {isa = PBXBuildFile; fileRef = C62D43C2223D447D00F8E2BA /* FaalModel.swift */; };
		C6832C0B21183E3900CF00D1 /* AppDelegate.swift in Sources */ = {isa = PBXBuildFile; fileRef = C6832C0A21183E3900CF00D1 /* AppDelegate.swift */; };
		C6832C0D21183E3900CF00D1 /* MainVC.swift in Sources */ = {isa = PBXBuildFile; fileRef = C6832C0C21183E3900CF00D1 /* MainVC.swift */; };
		C6832C1021183E3900CF00D1 /* Main.storyboard in Resources */ = {isa = PBXBuildFile; fileRef = C6832C0E21183E3900CF00D1 /* Main.storyboard */; };
		C6832C1221183E3B00CF00D1 /* Assets.xcassets in Resources */ = {isa = PBXBuildFile; fileRef = C6832C1121183E3B00CF00D1 /* Assets.xcassets */; };
		C6832C1521183E3B00CF00D1 /* LaunchScreen.storyboard in Resources */ = {isa = PBXBuildFile; fileRef = C6832C1321183E3B00CF00D1 /* LaunchScreen.storyboard */; };
		C6832C1D2118414300CF00D1 /* fonts in Resources */ = {isa = PBXBuildFile; fileRef = C6832C1C2118414300CF00D1 /* fonts */; };
		C6832C20211847BE00CF00D1 /* ResultVC.swift in Sources */ = {isa = PBXBuildFile; fileRef = C6832C1F211847BE00CF00D1 /* ResultVC.swift */; };
/* End PBXBuildFile section */

/* Begin PBXFileReference section */
		C62284AD223F90B500EFDDC9 /* ImageHelper.swift */ = {isa = PBXFileReference; lastKnownFileType = sourcecode.swift; path = ImageHelper.swift; sourceTree = "<group>"; };
		C62284AF223F936700EFDDC9 /* ViewControllerHelper.swift */ = {isa = PBXFileReference; lastKnownFileType = sourcecode.swift; path = ViewControllerHelper.swift; sourceTree = "<group>"; };
		C62284B2223F941600EFDDC9 /* FaalStruct.swift */ = {isa = PBXFileReference; lastKnownFileType = sourcecode.swift; path = FaalStruct.swift; sourceTree = "<group>"; };
		C62D43BD223D3DC800F8E2BA /* faal.json */ = {isa = PBXFileReference; lastKnownFileType = text.json; path = faal.json; sourceTree = "<group>"; };
		C62D43C2223D447D00F8E2BA /* FaalModel.swift */ = {isa = PBXFileReference; lastKnownFileType = sourcecode.swift; name = FaalModel.swift; path = "faale hafez/Model/FaalModel.swift"; sourceTree = SOURCE_ROOT; };
		C6832C0721183E3900CF00D1 /* faale hafez.app */ = {isa = PBXFileReference; explicitFileType = wrapper.application; includeInIndex = 0; path = "faale hafez.app"; sourceTree = BUILT_PRODUCTS_DIR; };
		C6832C0A21183E3900CF00D1 /* AppDelegate.swift */ = {isa = PBXFileReference; lastKnownFileType = sourcecode.swift; path = AppDelegate.swift; sourceTree = "<group>"; };
		C6832C0C21183E3900CF00D1 /* MainVC.swift */ = {isa = PBXFileReference; lastKnownFileType = sourcecode.swift; path = MainVC.swift; sourceTree = "<group>"; };
		C6832C0F21183E3900CF00D1 /* Base */ = {isa = PBXFileReference; lastKnownFileType = file.storyboard; name = Base; path = Base.lproj/Main.storyboard; sourceTree = "<group>"; };
		C6832C1121183E3B00CF00D1 /* Assets.xcassets */ = {isa = PBXFileReference; lastKnownFileType = folder.assetcatalog; path = Assets.xcassets; sourceTree = "<group>"; };
		C6832C1421183E3B00CF00D1 /* Base */ = {isa = PBXFileReference; lastKnownFileType = file.storyboard; name = Base; path = Base.lproj/LaunchScreen.storyboard; sourceTree = "<group>"; };
		C6832C1621183E3B00CF00D1 /* Info.plist */ = {isa = PBXFileReference; lastKnownFileType = text.plist.xml; path = Info.plist; sourceTree = "<group>"; };
		C6832C1C2118414300CF00D1 /* fonts */ = {isa = PBXFileReference; lastKnownFileType = folder; path = fonts; sourceTree = "<group>"; };
		C6832C1F211847BE00CF00D1 /* ResultVC.swift */ = {isa = PBXFileReference; lastKnownFileType = sourcecode.swift; path = ResultVC.swift; sourceTree = "<group>"; };
/* End PBXFileReference section */

/* Begin PBXFrameworksBuildPhase section */
		C6832C0421183E3900CF00D1 /* Frameworks */ = {
			isa = PBXFrameworksBuildPhase;
			buildActionMask = 2147483647;
			files = (
			);
			runOnlyForDeploymentPostprocessing = 0;
		};
/* End PBXFrameworksBuildPhase section */

/* Begin PBXGroup section */
		C62284AC223F909C00EFDDC9 /* Helper */ = {
			isa = PBXGroup;
			children = (
				C62284AD223F90B500EFDDC9 /* ImageHelper.swift */,
				C62284AF223F936700EFDDC9 /* ViewControllerHelper.swift */,
			);
			path = Helper;
			sourceTree = "<group>";
		};
		C62284B1223F940700EFDDC9 /* Struct */ = {
			isa = PBXGroup;
			children = (
				C62284B2223F941600EFDDC9 /* FaalStruct.swift */,
			);
			path = Struct;
			sourceTree = "<group>";
		};
		C62D43BC223D3B6B00F8E2BA /* Model */ = {
			isa = PBXGroup;
			children = (
				C62D43C2223D447D00F8E2BA /* FaalModel.swift */,
			);
			name = Model;
			path = "New Group";
			sourceTree = "<group>";
		};
		C6832BFE21183E3900CF00D1 = {
			isa = PBXGroup;
			children = (
				C6832C0921183E3900CF00D1 /* faale hafez */,
				C6832C0821183E3900CF00D1 /* Products */,
			);
			sourceTree = "<group>";
		};
		C6832C0821183E3900CF00D1 /* Products */ = {
			isa = PBXGroup;
			children = (
				C6832C0721183E3900CF00D1 /* faale hafez.app */,
			);
			name = Products;
			sourceTree = "<group>";
		};
		C6832C0921183E3900CF00D1 /* faale hafez */ = {
			isa = PBXGroup;
			children = (
				C62284B1223F940700EFDDC9 /* Struct */,
				C62284AC223F909C00EFDDC9 /* Helper */,
				C62D43BC223D3B6B00F8E2BA /* Model */,
				C6832C1E211847A400CF00D1 /* ViewController */,
				C6832C1C2118414300CF00D1 /* fonts */,
				C6832C0A21183E3900CF00D1 /* AppDelegate.swift */,
				C6832C0E21183E3900CF00D1 /* Main.storyboard */,
				C6832C1121183E3B00CF00D1 /* Assets.xcassets */,
				C62D43BD223D3DC800F8E2BA /* faal.json */,
				C6832C1321183E3B00CF00D1 /* LaunchScreen.storyboard */,
				C6832C1621183E3B00CF00D1 /* Info.plist */,
			);
			path = "faale hafez";
			sourceTree = "<group>";
		};
		C6832C1E211847A400CF00D1 /* ViewController */ = {
			isa = PBXGroup;
			children = (
				C6832C0C21183E3900CF00D1 /* MainVC.swift */,
				C6832C1F211847BE00CF00D1 /* ResultVC.swift */,
			);
			path = ViewController;
			sourceTree = "<group>";
		};
/* End PBXGroup section */

/* Begin PBXNativeTarget section */
		C6832C0621183E3900CF00D1 /* faale hafez */ = {
			isa = PBXNativeTarget;
			buildConfigurationList = C6832C1921183E3B00CF00D1 /* Build configuration list for PBXNativeTarget "faale hafez" */;
			buildPhases = (
				C6832C0321183E3900CF00D1 /* Sources */,
				C6832C0421183E3900CF00D1 /* Frameworks */,
				C6832C0521183E3900CF00D1 /* Resources */,
			);
			buildRules = (
			);
			dependencies = (
			);
			name = "faale hafez";
			productName = "faale hafez";
			productReference = C6832C0721183E3900CF00D1 /* faale hafez.app */;
			productType = "com.apple.product-type.application";
		};
/* End PBXNativeTarget section */

/* Begin PBXProject section */
		C6832BFF21183E3900CF00D1 /* Project object */ = {
			isa = PBXProject;
			attributes = {
				LastSwiftUpdateCheck = 0940;
				LastUpgradeCheck = 0940;
				ORGANIZATIONNAME = armin;
				TargetAttributes = {
					C6832C0621183E3900CF00D1 = {
						CreatedOnToolsVersion = 9.4;
						LastSwiftMigration = 1020;
					};
				};
			};
			buildConfigurationList = C6832C0221183E3900CF00D1 /* Build configuration list for PBXProject "faale hafez" */;
			compatibilityVersion = "Xcode 9.3";
			developmentRegion = en;
			hasScannedForEncodings = 0;
			knownRegions = (
				en,
				Base,
			);
			mainGroup = C6832BFE21183E3900CF00D1;
			productRefGroup = C6832C0821183E3900CF00D1 /* Products */;
			projectDirPath = "";
			projectRoot = "";
			targets = (
				C6832C0621183E3900CF00D1 /* faale hafez */,
			);
		};
/* End PBXProject section */

/* Begin PBXResourcesBuildPhase section */
		C6832C0521183E3900CF00D1 /* Resources */ = {
			isa = PBXResourcesBuildPhase;
			buildActionMask = 2147483647;
			files = (
				C62D43BE223D3DC800F8E2BA /* faal.json in Resources */,
				C6832C1521183E3B00CF00D1 /* LaunchScreen.storyboard in Resources */,
				C6832C1221183E3B00CF00D1 /* Assets.xcassets in Resources */,
				C6832C1021183E3900CF00D1 /* Main.storyboard in Resources */,
				C6832C1D2118414300CF00D1 /* fonts in Resources */,
			);
			runOnlyForDeploymentPostprocessing = 0;
		};
/* End PBXResourcesBuildPhase section */

/* Begin PBXSourcesBuildPhase section */
		C6832C0321183E3900CF00D1 /* Sources */ = {
			isa = PBXSourcesBuildPhase;
			buildActionMask = 2147483647;
			files = (
				C62284AE223F90B500EFDDC9 /* ImageHelper.swift in Sources */,
				C6832C0D21183E3900CF00D1 /* MainVC.swift in Sources */,
				C62284B3223F941600EFDDC9 /* FaalStruct.swift in Sources */,
				C62284B0223F936700EFDDC9 /* ViewControllerHelper.swift in Sources */,
				C6832C20211847BE00CF00D1 /* ResultVC.swift in Sources */,
				C6832C0B21183E3900CF00D1 /* AppDelegate.swift in Sources */,
				C62D43C3223D447D00F8E2BA /* FaalModel.swift in Sources */,
			);
			runOnlyForDeploymentPostprocessing = 0;
		};
/* End PBXSourcesBuildPhase section */

/* Begin PBXVariantGroup section */
		C6832C0E21183E3900CF00D1 /* Main.storyboard */ = {
			isa = PBXVariantGroup;
			children = (
				C6832C0F21183E3900CF00D1 /* Base */,
			);
			name = Main.storyboard;
			sourceTree = "<group>";
		};
		C6832C1321183E3B00CF00D1 /* LaunchScreen.storyboard */ = {
			isa = PBXVariantGroup;
			children = (
				C6832C1421183E3B00CF00D1 /* Base */,
			);
			name = LaunchScreen.storyboard;
			sourceTree = "<group>";
		};
/* End PBXVariantGroup section */

/* Begin XCBuildConfiguration section */
		C6832C1721183E3B00CF00D1 /* Debug */ = {
			isa = XCBuildConfiguration;
			buildSettings = {
				ALWAYS_SEARCH_USER_PATHS = NO;
				CLANG_ANALYZER_NONNULL = YES;
				CLANG_ANALYZER_NUMBER_OBJECT_CONVERSION = YES_AGGRESSIVE;
				CLANG_CXX_LANGUAGE_STANDARD = "gnu++14";
				CLANG_CXX_LIBRARY = "libc++";
				CLANG_ENABLE_MODULES = YES;
				CLANG_ENABLE_OBJC_ARC = YES;
				CLANG_ENABLE_OBJC_WEAK = YES;
				CLANG_WARN_BLOCK_CAPTURE_AUTORELEASING = YES;
				CLANG_WARN_BOOL_CONVERSION = YES;
				CLANG_WARN_COMMA = YES;
				CLANG_WARN_CONSTANT_CONVERSION = YES;
				CLANG_WARN_DEPRECATED_OBJC_IMPLEMENTATIONS = YES;
				CLANG_WARN_DIRECT_OBJC_ISA_USAGE = YES_ERROR;
				CLANG_WARN_DOCUMENTATION_COMMENTS = YES;
				CLANG_WARN_EMPTY_BODY = YES;
				CLANG_WARN_ENUM_CONVERSION = YES;
				CLANG_WARN_INFINITE_RECURSION = YES;
				CLANG_WARN_INT_CONVERSION = YES;
				CLANG_WARN_NON_LITERAL_NULL_CONVERSION = YES;
				CLANG_WARN_OBJC_IMPLICIT_RETAIN_SELF = YES;
				CLANG_WARN_OBJC_LITERAL_CONVERSION = YES;
				CLANG_WARN_OBJC_ROOT_CLASS = YES_ERROR;
				CLANG_WARN_RANGE_LOOP_ANALYSIS = YES;
				CLANG_WARN_STRICT_PROTOTYPES = YES;
				CLANG_WARN_SUSPICIOUS_MOVE = YES;
				CLANG_WARN_UNGUARDED_AVAILABILITY = YES_AGGRESSIVE;
				CLANG_WARN_UNREACHABLE_CODE = YES;
				CLANG_WARN__DUPLICATE_METHOD_MATCH = YES;
				CODE_SIGN_IDENTITY = "iPhone Developer";
				COPY_PHASE_STRIP = NO;
				DEBUG_INFORMATION_FORMAT = dwarf;
				ENABLE_STRICT_OBJC_MSGSEND = YES;
				ENABLE_TESTABILITY = YES;
				GCC_C_LANGUAGE_STANDARD = gnu11;
				GCC_DYNAMIC_NO_PIC = NO;
				GCC_NO_COMMON_BLOCKS = YES;
				GCC_OPTIMIZATION_LEVEL = 0;
				GCC_PREPROCESSOR_DEFINITIONS = (
					"DEBUG=1",
					"$(inherited)",
				);
				GCC_WARN_64_TO_32_BIT_CONVERSION = YES;
				GCC_WARN_ABOUT_RETURN_TYPE = YES_ERROR;
				GCC_WARN_UNDECLARED_SELECTOR = YES;
				GCC_WARN_UNINITIALIZED_AUTOS = YES_AGGRESSIVE;
				GCC_WARN_UNUSED_FUNCTION = YES;
				GCC_WARN_UNUSED_VARIABLE = YES;
				IPHONEOS_DEPLOYMENT_TARGET = 12.4;
				MTL_ENABLE_DEBUG_INFO = YES;
				ONLY_ACTIVE_ARCH = YES;
				SDKROOT = iphoneos;
				SWIFT_ACTIVE_COMPILATION_CONDITIONS = DEBUG;
				SWIFT_OPTIMIZATION_LEVEL = "-Onone";
			};
			name = Debug;
		};
		C6832C1821183E3B00CF00D1 /* Release */ = {
			isa = XCBuildConfiguration;
			buildSettings = {
				ALWAYS_SEARCH_USER_PATHS = NO;
				CLANG_ANALYZER_NONNULL = YES;
				CLANG_ANALYZER_NUMBER_OBJECT_CONVERSION = YES_AGGRESSIVE;
				CLANG_CXX_LANGUAGE_STANDARD = "gnu++14";
				CLANG_CXX_LIBRARY = "libc++";
				CLANG_ENABLE_MODULES = YES;
				CLANG_ENABLE_OBJC_ARC = YES;
				CLANG_ENABLE_OBJC_WEAK = YES;
				CLANG_WARN_BLOCK_CAPTURE_AUTORELEASING = YES;
				CLANG_WARN_BOOL_CONVERSION = YES;
				CLANG_WARN_COMMA = YES;
				CLANG_WARN_CONSTANT_CONVERSION = YES;
				CLANG_WARN_DEPRECATED_OBJC_IMPLEMENTATIONS = YES;
				CLANG_WARN_DIRECT_OBJC_ISA_USAGE = YES_ERROR;
				CLANG_WARN_DOCUMENTATION_COMMENTS = YES;
				CLANG_WARN_EMPTY_BODY = YES;
				CLANG_WARN_ENUM_CONVERSION = YES;
				CLANG_WARN_INFINITE_RECURSION = YES;
				CLANG_WARN_INT_CONVERSION = YES;
				CLANG_WARN_NON_LITERAL_NULL_CONVERSION = YES;
				CLANG_WARN_OBJC_IMPLICIT_RETAIN_SELF = YES;
				CLANG_WARN_OBJC_LITERAL_CONVERSION = YES;
				CLANG_WARN_OBJC_ROOT_CLASS = YES_ERROR;
				CLANG_WARN_RANGE_LOOP_ANALYSIS = YES;
				CLANG_WARN_STRICT_PROTOTYPES = YES;
				CLANG_WARN_SUSPICIOUS_MOVE = YES;
				CLANG_WARN_UNGUARDED_AVAILABILITY = YES_AGGRESSIVE;
				CLANG_WARN_UNREACHABLE_CODE = YES;
				CLANG_WARN__DUPLICATE_METHOD_MATCH = YES;
				CODE_SIGN_IDENTITY = "iPhone Developer";
				COPY_PHASE_STRIP = NO;
				DEBUG_INFORMATION_FORMAT = "dwarf-with-dsym";
				ENABLE_NS_ASSERTIONS = NO;
				ENABLE_STRICT_OBJC_MSGSEND = YES;
				GCC_C_LANGUAGE_STANDARD = gnu11;
				GCC_NO_COMMON_BLOCKS = YES;
				GCC_WARN_64_TO_32_BIT_CONVERSION = YES;
				GCC_WARN_ABOUT_RETURN_TYPE = YES_ERROR;
				GCC_WARN_UNDECLARED_SELECTOR = YES;
				GCC_WARN_UNINITIALIZED_AUTOS = YES_AGGRESSIVE;
				GCC_WARN_UNUSED_FUNCTION = YES;
				GCC_WARN_UNUSED_VARIABLE = YES;
				IPHONEOS_DEPLOYMENT_TARGET = 12.4;
				MTL_ENABLE_DEBUG_INFO = NO;
				SDKROOT = iphoneos;
				SWIFT_COMPILATION_MODE = wholemodule;
				SWIFT_OPTIMIZATION_LEVEL = "-O";
				VALIDATE_PRODUCT = YES;
			};
			name = Release;
		};
		C6832C1A21183E3B00CF00D1 /* Debug */ = {
			isa = XCBuildConfiguration;
			buildSettings = {
				ASSETCATALOG_COMPILER_APPICON_NAME = AppIcon;
				CODE_SIGN_STYLE = Automatic;
				DEVELOPMENT_TEAM = L4C26EK8EJ;
				INFOPLIST_FILE = "faale hafez/Info.plist";
				IPHONEOS_DEPLOYMENT_TARGET = 10.0;
				LD_RUNPATH_SEARCH_PATHS = (
					"$(inherited)",
					"@executable_path/Frameworks",
				);
				PRODUCT_BUNDLE_IDENTIFIER = "lydia.ir.faale-hafez";
				PRODUCT_NAME = "$(TARGET_NAME)";
				SWIFT_VERSION = 5.0;
				TARGETED_DEVICE_FAMILY = "1,2";
			};
			name = Debug;
		};
		C6832C1B21183E3B00CF00D1 /* Release */ = {
			isa = XCBuildConfiguration;
			buildSettings = {
				ASSETCATALOG_COMPILER_APPICON_NAME = AppIcon;
				CODE_SIGN_STYLE = Automatic;
				DEVELOPMENT_TEAM = L4C26EK8EJ;
				INFOPLIST_FILE = "faale hafez/Info.plist";
				IPHONEOS_DEPLOYMENT_TARGET = 10.0;
				LD_RUNPATH_SEARCH_PATHS = (
					"$(inherited)",
					"@executable_path/Frameworks",
				);
				PRODUCT_BUNDLE_IDENTIFIER = "lydia.ir.faale-hafez";
				PRODUCT_NAME = "$(TARGET_NAME)";
				SWIFT_VERSION = 5.0;
				TARGETED_DEVICE_FAMILY = "1,2";
			};
			name = Release;
		};
/* End XCBuildConfiguration section */

/* Begin XCConfigurationList section */
		C6832C0221183E3900CF00D1 /* Build configuration list for PBXProject "faale hafez" */ = {
			isa = XCConfigurationList;
			buildConfigurations = (
				C6832C1721183E3B00CF00D1 /* Debug */,
				C6832C1821183E3B00CF00D1 /* Release */,
			);
			defaultConfigurationIsVisible = 0;
			defaultConfigurationName = Release;
		};
		C6832C1921183E3B00CF00D1 /* Build configuration list for PBXNativeTarget "faale hafez" */ = {
			isa = XCConfigurationList;
			buildConfigurations = (
				C6832C1A21183E3B00CF00D1 /* Debug */,
				C6832C1B21183E3B00CF00D1 /* Release */,
			);
			defaultConfigurationIsVisible = 0;
			defaultConfigurationName = Release;
		};
/* End XCConfigurationList section */
	};
	rootObject = C6832BFF21183E3900CF00D1 /* Project object */;
}
